// !$*UTF8*$!
{
	archiveVersion = 1;
	classes = {
	};
	objectVersion = 56;
	objects = {
	/* Begin PBXBuildFile section */
	00000001 /* AppDelegate.swift in Sources */ = {isa = PBXBuildFile; fileRef = 00000002; };
	00000003 /* LaTeXClipboardConverterApp.swift in Sources */ = {isa = PBXBuildFile; fileRef = 00000004; };
	00000039 /* main.swift in Sources */ = {isa = PBXBuildFile; fileRef = 0000003A; };
	00000005 /* ClipboardMonitor.swift in Sources */ = {isa = PBXBuildFile; fileRef = 00000006; };
	00000007 /* ImageAnalyzer.swift in Sources */ = {isa = PBXBuildFile; fileRef = 00000008; };
	00000009 /* ClipboardWriter.swift in Sources */ = {isa = PBXBuildFile; fileRef = 0000000A; };
	0000000B /* MenuBarController.swift in Sources */ = {isa = PBXBuildFile; fileRef = 0000000C; };
	0000000D /* SettingsManager.swift in Sources */ = {isa = PBXBuildFile; fileRef = 0000000E; };
	0000000F /* Info.plist in Resources */ = {isa = PBXBuildFile; fileRef = 00000010; };
	00000030 /* LatexConverter.swift in Sources */ = {isa = PBXBuildFile; fileRef = 00000031; };
	00000032 /* ClaudeLatexConverter.swift in Sources */ = {isa = PBXBuildFile; fileRef = 00000033; };
	00000035 /* SettingsView.swift in Sources */ = {isa = PBXBuildFile; fileRef = 00000036; };
	00000037 /* SettingsWindowController.swift in Sources */ = {isa = PBXBuildFile; fileRef = 00000038; };
	0000003B /* SimpleTexConverter.swift in Sources */ = {isa = PBXBuildFile; fileRef = 0000003C; };
	0000003D /* Pix2TexConverter.swift in Sources */ = {isa = PBXBuildFile; fileRef = 0000003E; };
	0000003F /* NotificationManager.swift in Sources */ = {isa = PBXBuildFile; fileRef = 00000040; };
	00000041 /* LaunchAtLoginHelper.swift in Sources */ = {isa = PBXBuildFile; fileRef = 00000042; };
	/* End PBXBuildFile section */

	/* Begin PBXFileReference section */
	00000002 /* AppDelegate.swift */ = {isa = PBXFileReference; lastKnownFileType = sourcecode.swift; path = AppDelegate.swift; sourceTree = "<group>"; };
	00000004 /* LaTeXClipboardConverterApp.swift */ = {isa = PBXFileReference; lastKnownFileType = sourcecode.swift; path = LaTeXClipboardConverterApp.swift; sourceTree = "<group>"; };
	0000003A /* main.swift */ = {isa = PBXFileReference; lastKnownFileType = sourcecode.swift; path = main.swift; sourceTree = "<group>"; };
	00000006 /* ClipboardMonitor.swift */ = {isa = PBXFileReference; lastKnownFileType = sourcecode.swift; path = ClipboardMonitor.swift; sourceTree = "<group>"; };
	00000008 /* ImageAnalyzer.swift */ = {isa = PBXFileReference; lastKnownFileType = sourcecode.swift; path = ImageAnalyzer.swift; sourceTree = "<group>"; };
	0000000A /* ClipboardWriter.swift */ = {isa = PBXFileReference; lastKnownFileType = sourcecode.swift; path = ClipboardWriter.swift; sourceTree = "<group>"; };
	0000000C /* MenuBarController.swift */ = {isa = PBXFileReference; lastKnownFileType = sourcecode.swift; path = MenuBarController.swift; sourceTree = "<group>"; };
	0000000E /* SettingsManager.swift */ = {isa = PBXFileReference; lastKnownFileType = sourcecode.swift; path = SettingsManager.swift; sourceTree = "<group>"; };
	00000010 /* Info.plist */ = {isa = PBXFileReference; lastKnownFileType = text.plist.xml; path = Info.plist; sourceTree = "<group>"; };
	00000011 /* LaTeXClipboardConverter.app */ = {isa = PBXFileReference; explicitFileType = wrapper.application; includeInIndex = 0; path = LaTeXClipboardConverter.app; sourceTree = BUILT_PRODUCTS_DIR; };
	00000012 /* LaTeXClipboardConverter */ = {isa = PBXFileReference; lastKnownFileType = folder; path = LaTeXClipboardConverter; sourceTree = SOURCE_ROOT; };
	00000031 /* LatexConverter.swift */ = {isa = PBXFileReference; lastKnownFileType = sourcecode.swift; path = LatexConverter.swift; sourceTree = "<group>"; };
	00000033 /* ClaudeLatexConverter.swift */ = {isa = PBXFileReference; lastKnownFileType = sourcecode.swift; path = ClaudeLatexConverter.swift; sourceTree = "<group>"; };
	00000036 /* SettingsView.swift */ = {isa = PBXFileReference; lastKnownFileType = sourcecode.swift; path = SettingsView.swift; sourceTree = "<group>"; };
	00000038 /* SettingsWindowController.swift */ = {isa = PBXFileReference; lastKnownFileType = sourcecode.swift; path = SettingsWindowController.swift; sourceTree = "<group>"; };
	0000003C /* SimpleTexConverter.swift */ = {isa = PBXFileReference; lastKnownFileType = sourcecode.swift; path = SimpleTexConverter.swift; sourceTree = "<group>"; };
	0000003E /* Pix2TexConverter.swift */ = {isa = PBXFileReference; lastKnownFileType = sourcecode.swift; path = Pix2TexConverter.swift; sourceTree = "<group>"; };
	00000040 /* NotificationManager.swift */ = {isa = PBXFileReference; lastKnownFileType = sourcecode.swift; path = NotificationManager.swift; sourceTree = "<group>"; };
	00000042 /* LaunchAtLoginHelper.swift */ = {isa = PBXFileReference; lastKnownFileType = sourcecode.swift; path = LaunchAtLoginHelper.swift; sourceTree = "<group>"; };
	/* End PBXFileReference section */

	/* Begin PBXFrameworksBuildPhase section */
		00000013 /* Frameworks */ = {
			isa = PBXFrameworksBuildPhase;
			buildActionMask = 2147483647;
			files = (
			);
			runOnlyForDeploymentPostprocessing = 0;
		};
	/* End PBXFrameworksBuildPhase section */

	/* Begin PBXGroup section */
		00000014 /* LaTeXClipboardConverter */ = {
			isa = PBXGroup;
			children = (
				00000015 /* App */,
				00000016 /* Core */,
				00000034 /* Converters */,
				00000017 /* UI */,
				00000018 /* Utilities */,
				00000019 /* Resources */,
			);
			path = LaTeXClipboardConverter;
			sourceTree = SOURCE_ROOT;
		};
	00000015 /* App */ = {
		isa = PBXGroup;
		children = (
			00000002 /* AppDelegate.swift */,
			00000004 /* LaTeXClipboardConverterApp.swift */,
			0000003A /* main.swift */,
		);
		path = App;
		sourceTree = "<group>";
	};
		00000016 /* Core */ = {
			isa = PBXGroup;
			children = (
				00000006 /* ClipboardMonitor.swift */,
				00000008 /* ImageAnalyzer.swift */,
				0000000A /* ClipboardWriter.swift */,
			);
			path = Core;
			sourceTree = "<group>";
		};
	00000017 /* UI */ = {
		isa = PBXGroup;
		children = (
			0000000C /* MenuBarController.swift */,
			00000036 /* SettingsView.swift */,
			00000038 /* SettingsWindowController.swift */,
		);
		path = UI;
		sourceTree = "<group>";
	};
		00000018 /* Utilities */ = {
			isa = PBXGroup;
			children = (
				0000000E /* SettingsManager.swift */,
				00000040 /* NotificationManager.swift */,
				00000042 /* LaunchAtLoginHelper.swift */,
			);
			path = Utilities;
			sourceTree = "<group>";
		};
		00000019 /* Resources */ = {
			isa = PBXGroup;
			children = (
				00000010 /* Info.plist */,
			);
			path = Resources;
			sourceTree = "<group>";
		};
	00000034 /* Converters */ = {
		isa = PBXGroup;
		children = (
			00000031 /* LatexConverter.swift */,
			00000033 /* ClaudeLatexConverter.swift */,
			0000003C /* SimpleTexConverter.swift */,
			0000003E /* Pix2TexConverter.swift */,
		);
		path = Converters;
		sourceTree = "<group>";
	};
		0000001A /* Products */ = {
			isa = PBXGroup;
			children = (
				00000011 /* LaTeXClipboardConverter.app */,
			);
			name = Products;
			sourceTree = "<group>";
		};
		0000001B /* Project */ = {
			isa = PBXGroup;
			children = (
				00000014 /* LaTeXClipboardConverter */,
				0000001A /* Products */,
			);
			sourceTree = "<group>";
		};
	/* End PBXGroup section */

	/* Begin PBXNativeTarget section */
		0000001C /* LaTeXClipboardConverter */ = {
			isa = PBXNativeTarget;
			buildConfigurationList = 0000001D /* Build configuration list for PBXNativeTarget "LaTeXClipboardConverter" */;
			buildPhases = (
				0000001E /* Sources */,
				00000013 /* Frameworks */,
				0000001F /* Resources */,
			);
			buildRules = (
			);
			dependencies = (
			);
			name = LaTeXClipboardConverter;
			productName = LaTeXClipboardConverter;
			productReference = 00000011 /* LaTeXClipboardConverter.app */;
			productType = "com.apple.product-type.application";
		};
	/* End PBXNativeTarget section */

	/* Begin PBXProject section */
		00000020 /* Project object */ = {
			isa = PBXProject;
			attributes = {
				BuildIndependentTargetsInParallel = 1;
				LastSwiftUpdateCheck = 1500;
				LastUpgradeCheck = 1500;
				TargetAttributes = {
					0000001C = {
						CreatedOnToolsVersion = 15.0;
					};
				};
			};
			buildConfigurationList = 00000021 /* Build configuration list for PBXProject "LaTeXClipboardConverter" */;
			compatibilityVersion = "Xcode 14.0";
			developmentRegion = en;
			hasScannedForEncodings = 0;
			knownRegions = (
				en,
				Base,
			);
			mainGroup = 0000001B /* Project */;
			productRefGroup = 0000001A /* Products */;
			projectDirPath = "";
			projectRoot = "";
			targets = (
				0000001C /* LaTeXClipboardConverter */,
			);
		};
	/* End PBXProject section */

	/* Begin PBXResourcesBuildPhase section */
		0000001F /* Resources */ = {
			isa = PBXResourcesBuildPhase;
			buildActionMask = 2147483647;
			files = (
				0000000F /* Info.plist in Resources */,
			);
			runOnlyForDeploymentPostprocessing = 0;
		};
	/* End PBXResourcesBuildPhase section */

	/* Begin PBXSourcesBuildPhase section */
	0000001E /* Sources */ = {
		isa = PBXSourcesBuildPhase;
		buildActionMask = 2147483647;
		files = (
			00000001 /* AppDelegate.swift in Sources */,
			00000003 /* LaTeXClipboardConverterApp.swift in Sources */,
			00000039 /* main.swift in Sources */,
			00000005 /* ClipboardMonitor.swift in Sources */,
			00000007 /* ImageAnalyzer.swift in Sources */,
			00000009 /* ClipboardWriter.swift in Sources */,
			0000000B /* MenuBarController.swift in Sources */,
			0000000D /* SettingsManager.swift in Sources */,
		00000030 /* LatexConverter.swift in Sources */,
		00000032 /* ClaudeLatexConverter.swift in Sources */,
		00000035 /* SettingsView.swift in Sources */,
		00000037 /* SettingsWindowController.swift in Sources */,
		0000003B /* SimpleTexConverter.swift in Sources */,
		0000003D /* Pix2TexConverter.swift in Sources */,
		0000003F /* NotificationManager.swift in Sources */,
		00000041 /* LaunchAtLoginHelper.swift in Sources */,
	);
	runOnlyForDeploymentPostprocessing = 0;
};
	/* End PBXSourcesBuildPhase section */

	/* Begin XCBuildConfiguration section */
		00000022 /* Debug */ = {
			isa = XCBuildConfiguration;
			buildSettings = {
				ALWAYS_SEARCH_USER_PATHS = NO;
				CLANG_ANALYZER_NONNULL = YES;
				CLANG_ANALYZER_NUMBER_OBJECT_CONVERSION = YES_AGGRESSIVE;
				CLANG_CXX_LANGUAGE_DIALECT = "c++20";
				CLANG_CXX_LIBRARY = "libc++";
				CLANG_ENABLE_MODULES = YES;
				CLANG_ENABLE_OBJC_ARC = YES;
				CLANG_WARN_BLOCK_CAPTURE_AUTORELEASING = YES;
				CLANG_WARN_BOOL_CONVERSION = YES;
				CLANG_WARN_COMMA = YES;
				CLANG_WARN_CONSTANT_CONVERSION = YES;
				CLANG_WARN_DEPRECATED_OBJC_IMPLEMENTATIONS = YES;
				CLANG_WARN_DIRECT_OBJC_ISA_USAGE = YES_ERROR;
				CLANG_WARN_DOCUMENTATION_COMMENTS = YES;
				CLANG_WARN_EMPTY_BODY = YES;
				CLANG_WARN_ENUM_CONVERSION = YES;
				CLANG_WARN_INFINITE_RECURSION = YES;
				CLANG_WARN_INT_CONVERSION = YES;
				CLANG_WARN_NON_LITERAL_NULL_CONVERSION = YES;
				CLANG_WARN_OBJC_IMPLICIT_RETAIN_SELF = YES;
				CLANG_WARN_OBJC_LITERAL_CONVERSION = YES;
				CLANG_WARN_OBJC_ROOT_CLASS = YES_ERROR;
				CLANG_WARN_QUOTED_INCLUDE_IN_FRAMEWORK_HEADER = YES;
				CLANG_WARN_RANGE_LOOP_ANALYSIS = YES;
				CLANG_WARN_STRICT_PROTOTYPES = YES;
				CLANG_WARN_SUSPICIOUS_MOVE = YES;
				CLANG_WARN_SUSPICIOUS_MOVES = YES;
				CLANG_WARN_UNREACHABLE_CODE = YES;
				CLANG_WARN__DUPLICATE_METHOD_MATCH = YES;
				COPY_PHASE_STRIP = NO;
				DEBUG_INFORMATION_FORMAT = dwarf;
				ENABLE_STRICT_OBJC_MSGSEND = YES;
				ENABLE_TESTABILITY = YES;
				GCC_C_LANGUAGE_DIALECT = c99;
				GCC_DYNAMIC_NO_PIC = NO;
				GCC_NO_COMMON_BLOCKS = YES;
				GCC_OPTIMIZATION_LEVEL = 0;
				GCC_PREPROCESSOR_DEFINITIONS = (
					"DEBUG=1",
					"$(inherited)",
				);
				GCC_WARN_64_TO_32_BIT_CONVERSION = YES;
				GCC_WARN_ABOUT_RETURN_TYPE = YES_ERROR;
				GCC_WARN_UNDECLARED_SELECTOR = YES;
				GCC_WARN_UNINITIALIZED_AUTOS = YES_AGGRESSIVE;
				GCC_WARN_UNUSED_FUNCTION = YES;
				GCC_WARN_UNUSED_VARIABLE = YES;
				MACOSX_DEPLOYMENT_TARGET = 11.0;
				MTL_ENABLE_DEBUG_INFO = INCLUDE_SOURCE;
				MTL_FAST_MATH = YES;
				ONLY_ACTIVE_ARCH = YES;
				SDKROOT = macosx;
				SWIFT_ACTIVE_COMPILATION_CONDITIONS = DEBUG;
				SWIFT_OPTIMIZATION_LEVEL = "-Onone";
				SWIFT_VERSION = 5.0;
			};
			name = Debug;
		};
		00000023 /* Release */ = {
			isa = XCBuildConfiguration;
			buildSettings = {
				ALWAYS_SEARCH_USER_PATHS = NO;
				CLANG_ANALYZER_NONNULL = YES;
				CLANG_ANALYZER_NUMBER_OBJECT_CONVERSION = YES_AGGRESSIVE;
				CLANG_CXX_LANGUAGE_DIALECT = "c++20";
				CLANG_CXX_LIBRARY = "libc++";
				CLANG_ENABLE_MODULES = YES;
				CLANG_ENABLE_OBJC_ARC = YES;
				CLANG_WARN_BLOCK_CAPTURE_AUTORELEASING = YES;
				CLANG_WARN_BOOL_CONVERSION = YES;
				CLANG_WARN_COMMA = YES;
				CLANG_WARN_CONSTANT_CONVERSION = YES;
				CLANG_WARN_DEPRECATED_OBJC_IMPLEMENTATIONS = YES;
				CLANG_WARN_DIRECT_OBJC_ISA_USAGE = YES_ERROR;
				CLANG_WARN_DOCUMENTATION_COMMENTS = YES;
				CLANG_WARN_EMPTY_BODY = YES;
				CLANG_WARN_ENUM_CONVERSION = YES;
				CLANG_WARN_INFINITE_RECURSION = YES;
				CLANG_WARN_INT_CONVERSION = YES;
				CLANG_WARN_NON_LITERAL_NULL_CONVERSION = YES;
				CLANG_WARN_OBJC_IMPLICIT_RETAIN_SELF = YES;
				CLANG_WARN_OBJC_LITERAL_CONVERSION = YES;
				CLANG_WARN_OBJC_ROOT_CLASS = YES_ERROR;
				CLANG_WARN_QUOTED_INCLUDE_IN_FRAMEWORK_HEADER = YES;
				CLANG_WARN_RANGE_LOOP_ANALYSIS = YES;
				CLANG_WARN_STRICT_PROTOTYPES = YES;
				CLANG_WARN_SUSPICIOUS_MOVE = YES;
				CLANG_WARN_SUSPICIOUS_MOVES = YES;
				CLANG_WARN_UNREACHABLE_CODE = YES;
				CLANG_WARN__DUPLICATE_METHOD_MATCH = YES;
				COPY_PHASE_STRIP = NO;
				DEBUG_INFORMATION_FORMAT = "dwarf-with-dsym";
				ENABLE_NS_ASSERTIONS = NO;
				ENABLE_STRICT_OBJC_MSGSEND = YES;
				GCC_C_LANGUAGE_DIALECT = c99;
				GCC_NO_COMMON_BLOCKS = YES;
				GCC_OPTIMIZE_FOR_SIZE = YES;
				GCC_WARN_64_TO_32_BIT_CONVERSION = YES;
				GCC_WARN_ABOUT_RETURN_TYPE = YES_ERROR;
				GCC_WARN_UNDECLARED_SELECTOR = YES;
				GCC_WARN_UNINITIALIZED_AUTOS = YES_AGGRESSIVE;
				GCC_WARN_UNUSED_FUNCTION = YES;
				GCC_WARN_UNUSED_VARIABLE = YES;
				MACOSX_DEPLOYMENT_TARGET = 11.0;
				MTL_ENABLE_DEBUG_INFO = NO;
				MTL_FAST_MATH = YES;
				SDKROOT = macosx;
				SWIFT_COMPILATION_MODE = wholemodule;
				SWIFT_OPTIMIZATION_LEVEL = "-O";
				SWIFT_VERSION = 5.0;
			};
			name = Release;
		};
		00000024 /* Debug */ = {
			isa = XCBuildConfiguration;
			buildSettings = {
				ASSETCATALOG_COMPILER_APPICON_NAME = AppIcon;
				ASSETCATALOG_COMPILER_GLOBAL_ACCENT_COLOR_NAME = AccentColor;
				BUNDLE_LOADER = "$(TEST_HOST)";
				CODE_SIGN_STYLE = Automatic;
				COMBINE_HIDPI_IMAGES = YES;
				CURRENT_PROJECT_VERSION = 1;
				DEVELOPMENT_TEAM = "";
				ENABLE_HARDENED_RUNTIME = YES;
				GENERATE_INFOPLIST_FILE = NO;
				INFOPLIST_FILE = LaTeXClipboardConverter/Resources/Info.plist;
				INFOPLIST_KEY_NSHumanReadableCopyright = "";
				INFOPLIST_KEY_NSMainStoryboardFile = "";
				INFOPLIST_KEY_NSPrincipalClass = NSApplication;
				LD_RUNPATH_SEARCH_PATHS = (
					"$(inherited)",
					"@executable_path/../Frameworks",
				);
				MACOSX_DEPLOYMENT_TARGET = 11.0;
				MARKETING_VERSION = 1.0;
				PRODUCT_BUNDLE_IDENTIFIER = com.example.LaTeXClipboardConverter;
				PRODUCT_NAME = "$(TARGET_NAME)";
				SWIFT_EMIT_LOC_STRINGS = YES;
				SWIFT_VERSION = 5.0;
			};
			name = Debug;
		};
		00000025 /* Release */ = {
			isa = XCBuildConfiguration;
			buildSettings = {
				ASSETCATALOG_COMPILER_APPICON_NAME = AppIcon;
				ASSETCATALOG_COMPILER_GLOBAL_ACCENT_COLOR_NAME = AccentColor;
				BUNDLE_LOADER = "$(TEST_HOST)";
				CODE_SIGN_STYLE = Automatic;
				COMBINE_HIDPI_IMAGES = YES;
				CURRENT_PROJECT_VERSION = 1;
				DEVELOPMENT_TEAM = "";
				ENABLE_HARDENED_RUNTIME = YES;
				GENERATE_INFOPLIST_FILE = NO;
				INFOPLIST_FILE = LaTeXClipboardConverter/Resources/Info.plist;
				INFOPLIST_KEY_NSHumanReadableCopyright = "";
				INFOPLIST_KEY_NSMainStoryboardFile = "";
				INFOPLIST_KEY_NSPrincipalClass = NSApplication;
				LD_RUNPATH_SEARCH_PATHS = (
					"$(inherited)",
					"@executable_path/../Frameworks",
				);
				MACOSX_DEPLOYMENT_TARGET = 11.0;
				MARKETING_VERSION = 1.0;
				PRODUCT_BUNDLE_IDENTIFIER = com.example.LaTeXClipboardConverter;
				PRODUCT_NAME = "$(TARGET_NAME)";
				SWIFT_EMIT_LOC_STRINGS = YES;
				SWIFT_VERSION = 5.0;
			};
			name = Release;
		};
	/* End XCBuildConfiguration section */

	/* Begin XCConfigurationList section */
		00000021 /* Build configuration list for PBXProject "LaTeXClipboardConverter" */ = {
			isa = XCConfigurationList;
			buildConfigurations = (
				00000022 /* Debug */,
				00000023 /* Release */,
			);
			defaultConfigurationIsVisible = 0;
			defaultConfigurationName = Release;
		};
		0000001D /* Build configuration list for PBXNativeTarget "LaTeXClipboardConverter" */ = {
			isa = XCConfigurationList;
			buildConfigurations = (
				00000024 /* Debug */,
				00000025 /* Release */,
			);
			defaultConfigurationIsVisible = 0;
			defaultConfigurationName = Release;
		};
	/* End XCConfigurationList section */
	};
	rootObject = 00000020 /* Project object */;
}
